// !$*UTF8*$!
{
	archiveVersion = 1;
	classes = {
	};
	objectVersion = 54;
	objects = {

/* Begin PBXBuildFile section */
		102419F626434A0D00DCFD6F /* AppDelegate.swift in Sources */ = {isa = PBXBuildFile; fileRef = 102419F526434A0D00DCFD6F /* AppDelegate.swift */; };
		102419F826434A0D00DCFD6F /* SceneDelegate.swift in Sources */ = {isa = PBXBuildFile; fileRef = 102419F726434A0D00DCFD6F /* SceneDelegate.swift */; };
		102419FA26434A0D00DCFD6F /* MainViewController.swift in Sources */ = {isa = PBXBuildFile; fileRef = 102419F926434A0D00DCFD6F /* MainViewController.swift */; };
		102419FF26434A1300DCFD6F /* Assets.xcassets in Resources */ = {isa = PBXBuildFile; fileRef = 102419FE26434A1300DCFD6F /* Assets.xcassets */; };
		10241A0226434A1300DCFD6F /* LaunchScreen.storyboard in Resources */ = {isa = PBXBuildFile; fileRef = 10241A0026434A1300DCFD6F /* LaunchScreen.storyboard */; };
		10241A1026434C4700DCFD6F /* OverlayPlane.swift in Sources */ = {isa = PBXBuildFile; fileRef = 10241A0F26434C4700DCFD6F /* OverlayPlane.swift */; };
		10241A1226434CB900DCFD6F /* OverlayViewController.swift in Sources */ = {isa = PBXBuildFile; fileRef = 10241A1126434CB900DCFD6F /* OverlayViewController.swift */; };
		10339F4F26434F8700A84D5E /* art.scnassets in Resources */ = {isa = PBXBuildFile; fileRef = 10339F4E26434F8700A84D5E /* art.scnassets */; };
		10339F5226434FBF00A84D5E /* ApplyingForce.swift in Sources */ = {isa = PBXBuildFile; fileRef = 10339F5126434FBF00A84D5E /* ApplyingForce.swift */; };
		1035296F26445F9D00600F52 /* AddingMultipleItem.swift in Sources */ = {isa = PBXBuildFile; fileRef = 1035296E26445F9D00600F52 /* AddingMultipleItem.swift */; };
		103529712644601D00600F52 /* Extension.swift in Sources */ = {isa = PBXBuildFile; fileRef = 103529702644601D00600F52 /* Extension.swift */; };
		103529742644642E00600F52 /* Main.storyboard in Resources */ = {isa = PBXBuildFile; fileRef = 103529732644642E00600F52 /* Main.storyboard */; };
		10513D0E2645760B006B53AB /* ArkitCoreMLViewController.swift in Sources */ = {isa = PBXBuildFile; fileRef = 10513D0D2645760B006B53AB /* ArkitCoreMLViewController.swift */; };
		10513D112645763C006B53AB /* Resnet50.mlmodel in Sources */ = {isa = PBXBuildFile; fileRef = 10513D102645763C006B53AB /* Resnet50.mlmodel */; };
/* End PBXBuildFile section */

/* Begin PBXFileReference section */
		102419F226434A0D00DCFD6F /* ArKitProjects.app */ = {isa = PBXFileReference; explicitFileType = wrapper.application; includeInIndex = 0; path = ArKitProjects.app; sourceTree = BUILT_PRODUCTS_DIR; };
		102419F526434A0D00DCFD6F /* AppDelegate.swift */ = {isa = PBXFileReference; lastKnownFileType = sourcecode.swift; path = AppDelegate.swift; sourceTree = "<group>"; };
		102419F726434A0D00DCFD6F /* SceneDelegate.swift */ = {isa = PBXFileReference; lastKnownFileType = sourcecode.swift; path = SceneDelegate.swift; sourceTree = "<group>"; };
		102419F926434A0D00DCFD6F /* MainViewController.swift */ = {isa = PBXFileReference; lastKnownFileType = sourcecode.swift; path = MainViewController.swift; sourceTree = "<group>"; };
		102419FE26434A1300DCFD6F /* Assets.xcassets */ = {isa = PBXFileReference; lastKnownFileType = folder.assetcatalog; path = Assets.xcassets; sourceTree = "<group>"; };
		10241A0126434A1300DCFD6F /* Base */ = {isa = PBXFileReference; lastKnownFileType = file.storyboard; name = Base; path = Base.lproj/LaunchScreen.storyboard; sourceTree = "<group>"; };
		10241A0326434A1300DCFD6F /* Info.plist */ = {isa = PBXFileReference; lastKnownFileType = text.plist.xml; path = Info.plist; sourceTree = "<group>"; };
		10241A0F26434C4700DCFD6F /* OverlayPlane.swift */ = {isa = PBXFileReference; lastKnownFileType = sourcecode.swift; path = OverlayPlane.swift; sourceTree = "<group>"; };
		10241A1126434CB900DCFD6F /* OverlayViewController.swift */ = {isa = PBXFileReference; lastKnownFileType = sourcecode.swift; path = OverlayViewController.swift; sourceTree = "<group>"; };
		10339F4E26434F8700A84D5E /* art.scnassets */ = {isa = PBXFileReference; lastKnownFileType = wrapper.scnassets; path = art.scnassets; sourceTree = "<group>"; };
		10339F5126434FBF00A84D5E /* ApplyingForce.swift */ = {isa = PBXFileReference; lastKnownFileType = sourcecode.swift; path = ApplyingForce.swift; sourceTree = "<group>"; };
		1035296E26445F9D00600F52 /* AddingMultipleItem.swift */ = {isa = PBXFileReference; lastKnownFileType = sourcecode.swift; path = AddingMultipleItem.swift; sourceTree = "<group>"; };
		103529702644601D00600F52 /* Extension.swift */ = {isa = PBXFileReference; lastKnownFileType = sourcecode.swift; path = Extension.swift; sourceTree = "<group>"; };
		103529732644642E00600F52 /* Main.storyboard */ = {isa = PBXFileReference; lastKnownFileType = file.storyboard; path = Main.storyboard; sourceTree = "<group>"; };
		10513D0D2645760B006B53AB /* ArkitCoreMLViewController.swift */ = {isa = PBXFileReference; lastKnownFileType = sourcecode.swift; path = ArkitCoreMLViewController.swift; sourceTree = "<group>"; };
		10513D102645763C006B53AB /* Resnet50.mlmodel */ = {isa = PBXFileReference; lastKnownFileType = file.mlmodel; path = Resnet50.mlmodel; sourceTree = "<group>"; };
/* End PBXFileReference section */

/* Begin PBXFrameworksBuildPhase section */
		102419EF26434A0D00DCFD6F /* Frameworks */ = {
			isa = PBXFrameworksBuildPhase;
			buildActionMask = 2147483647;
			files = (
			);
			runOnlyForDeploymentPostprocessing = 0;
		};
/* End PBXFrameworksBuildPhase section */

/* Begin PBXGroup section */
		102419E926434A0C00DCFD6F = {
			isa = PBXGroup;
			children = (
				102419F426434A0D00DCFD6F /* ArKitProjects */,
				102419F326434A0D00DCFD6F /* Products */,
			);
			sourceTree = "<group>";
		};
		102419F326434A0D00DCFD6F /* Products */ = {
			isa = PBXGroup;
			children = (
				102419F226434A0D00DCFD6F /* ArKitProjects.app */,
			);
			name = Products;
			sourceTree = "<group>";
		};
		102419F426434A0D00DCFD6F /* ArKitProjects */ = {
			isa = PBXGroup;
			children = (
				10513D0F26457626006B53AB /* Model */,
				10513D0A26456D2E006B53AB /* Storyboards */,
				1035296C26445F5B00600F52 /* Views */,
				10352972264461C600600F52 /* Delegates */,
				1035296D26445F6400600F52 /* Helper */,
				10241A0326434A1300DCFD6F /* Info.plist */,
				102419FE26434A1300DCFD6F /* Assets.xcassets */,
				10339F4E26434F8700A84D5E /* art.scnassets */,
			);
			path = ArKitProjects;
			sourceTree = "<group>";
		};
		10241A0E26434C2C00DCFD6F /* AddingPlane */ = {
			isa = PBXGroup;
			children = (
				10241A0F26434C4700DCFD6F /* OverlayPlane.swift */,
				10241A1126434CB900DCFD6F /* OverlayViewController.swift */,
			);
			path = AddingPlane;
			sourceTree = "<group>";
		};
		10339F5026434FAE00A84D5E /* ApplyingForce */ = {
			isa = PBXGroup;
			children = (
				10339F5126434FBF00A84D5E /* ApplyingForce.swift */,
			);
			path = ApplyingForce;
			sourceTree = "<group>";
		};
		1035296C26445F5B00600F52 /* Views */ = {
			isa = PBXGroup;
			children = (
				10513D122645781D006B53AB /* Adding Occulison */,
				10513D0C264575E9006B53AB /* Arkit CoreML */,
				10513D0B264575C8006B53AB /* Adding Multiple Item */,
				10241A0E26434C2C00DCFD6F /* AddingPlane */,
				10339F5026434FAE00A84D5E /* ApplyingForce */,
				102419F926434A0D00DCFD6F /* MainViewController.swift */,
			);
			path = Views;
			sourceTree = "<group>";
		};
		1035296D26445F6400600F52 /* Helper */ = {
			isa = PBXGroup;
			children = (
				103529702644601D00600F52 /* Extension.swift */,
			);
			path = Helper;
			sourceTree = "<group>";
		};
		10352972264461C600600F52 /* Delegates */ = {
			isa = PBXGroup;
			children = (
				102419F526434A0D00DCFD6F /* AppDelegate.swift */,
				102419F726434A0D00DCFD6F /* SceneDelegate.swift */,
			);
			path = Delegates;
			sourceTree = "<group>";
		};
		10513D0A26456D2E006B53AB /* Storyboards */ = {
			isa = PBXGroup;
			children = (
				10241A0026434A1300DCFD6F /* LaunchScreen.storyboard */,
				103529732644642E00600F52 /* Main.storyboard */,
			);
			path = Storyboards;
			sourceTree = "<group>";
		};
		10513D0B264575C8006B53AB /* Adding Multiple Item */ = {
			isa = PBXGroup;
			children = (
				1035296E26445F9D00600F52 /* AddingMultipleItem.swift */,
			);
			path = "Adding Multiple Item";
			sourceTree = "<group>";
		};
		10513D0C264575E9006B53AB /* Arkit CoreML */ = {
			isa = PBXGroup;
			children = (
				10513D0D2645760B006B53AB /* ArkitCoreMLViewController.swift */,
			);
			path = "Arkit CoreML";
			sourceTree = "<group>";
		};
		10513D0F26457626006B53AB /* Model */ = {
			isa = PBXGroup;
			children = (
				10513D102645763C006B53AB /* Resnet50.mlmodel */,
			);
			path = Model;
			sourceTree = "<group>";
		};
		10513D122645781D006B53AB /* Adding Occulison */ = {
			isa = PBXGroup;
			children = (
			);
			path = "Adding Occulison";
			sourceTree = "<group>";
		};
/* End PBXGroup section */

/* Begin PBXNativeTarget section */
		102419F126434A0D00DCFD6F /* ArKitProjects */ = {
			isa = PBXNativeTarget;
			buildConfigurationList = 10241A0626434A1300DCFD6F /* Build configuration list for PBXNativeTarget "ArKitProjects" */;
			buildPhases = (
				102419EE26434A0D00DCFD6F /* Sources */,
				102419EF26434A0D00DCFD6F /* Frameworks */,
				102419F026434A0D00DCFD6F /* Resources */,
			);
			buildRules = (
			);
			dependencies = (
			);
			name = ArKitProjects;
			productName = ArKitProjects;
			productReference = 102419F226434A0D00DCFD6F /* ArKitProjects.app */;
			productType = "com.apple.product-type.application";
		};
/* End PBXNativeTarget section */

/* Begin PBXProject section */
		102419EA26434A0C00DCFD6F /* Project object */ = {
			isa = PBXProject;
			attributes = {
				LastSwiftUpdateCheck = 1250;
				LastUpgradeCheck = 1250;
				TargetAttributes = {
					102419F126434A0D00DCFD6F = {
						CreatedOnToolsVersion = 12.5;
					};
				};
			};
			buildConfigurationList = 102419ED26434A0C00DCFD6F /* Build configuration list for PBXProject "ArKitProjects" */;
			compatibilityVersion = "Xcode 12.0";
			developmentRegion = en;
			hasScannedForEncodings = 0;
			knownRegions = (
				en,
				Base,
			);
			mainGroup = 102419E926434A0C00DCFD6F;
			productRefGroup = 102419F326434A0D00DCFD6F /* Products */;
			projectDirPath = "";
			projectRoot = "";
			targets = (
				102419F126434A0D00DCFD6F /* ArKitProjects */,
			);
		};
/* End PBXProject section */

/* Begin PBXResourcesBuildPhase section */
		102419F026434A0D00DCFD6F /* Resources */ = {
			isa = PBXResourcesBuildPhase;
			buildActionMask = 2147483647;
			files = (
				103529742644642E00600F52 /* Main.storyboard in Resources */,
				10241A0226434A1300DCFD6F /* LaunchScreen.storyboard in Resources */,
				10339F4F26434F8700A84D5E /* art.scnassets in Resources */,
				102419FF26434A1300DCFD6F /* Assets.xcassets in Resources */,
			);
			runOnlyForDeploymentPostprocessing = 0;
		};
/* End PBXResourcesBuildPhase section */

/* Begin PBXSourcesBuildPhase section */
		102419EE26434A0D00DCFD6F /* Sources */ = {
			isa = PBXSourcesBuildPhase;
			buildActionMask = 2147483647;
			files = (
				10513D112645763C006B53AB /* Resnet50.mlmodel in Sources */,
				1035296F26445F9D00600F52 /* AddingMultipleItem.swift in Sources */,
				10513D0E2645760B006B53AB /* ArkitCoreMLViewController.swift in Sources */,
				102419FA26434A0D00DCFD6F /* MainViewController.swift in Sources */,
				102419F626434A0D00DCFD6F /* AppDelegate.swift in Sources */,
				10241A1226434CB900DCFD6F /* OverlayViewController.swift in Sources */,
				10339F5226434FBF00A84D5E /* ApplyingForce.swift in Sources */,
				102419F826434A0D00DCFD6F /* SceneDelegate.swift in Sources */,
				10241A1026434C4700DCFD6F /* OverlayPlane.swift in Sources */,
				103529712644601D00600F52 /* Extension.swift in Sources */,
			);
			runOnlyForDeploymentPostprocessing = 0;
		};
/* End PBXSourcesBuildPhase section */

/* Begin PBXVariantGroup section */
		10241A0026434A1300DCFD6F /* LaunchScreen.storyboard */ = {
			isa = PBXVariantGroup;
			children = (
				10241A0126434A1300DCFD6F /* Base */,
			);
			name = LaunchScreen.storyboard;
			sourceTree = "<group>";
		};
/* End PBXVariantGroup section */

/* Begin XCBuildConfiguration section */
		10241A0426434A1300DCFD6F /* Debug */ = {
			isa = XCBuildConfiguration;
			buildSettings = {
				ALWAYS_SEARCH_USER_PATHS = NO;
				CLANG_ANALYZER_NONNULL = YES;
				CLANG_ANALYZER_NUMBER_OBJECT_CONVERSION = YES_AGGRESSIVE;
				CLANG_CXX_LANGUAGE_STANDARD = "gnu++14";
				CLANG_CXX_LIBRARY = "libc++";
				CLANG_ENABLE_MODULES = YES;
				CLANG_ENABLE_OBJC_ARC = YES;
				CLANG_ENABLE_OBJC_WEAK = YES;
				CLANG_WARN_BLOCK_CAPTURE_AUTORELEASING = YES;
				CLANG_WARN_BOOL_CONVERSION = YES;
				CLANG_WARN_COMMA = YES;
				CLANG_WARN_CONSTANT_CONVERSION = YES;
				CLANG_WARN_DEPRECATED_OBJC_IMPLEMENTATIONS = YES;
				CLANG_WARN_DIRECT_OBJC_ISA_USAGE = YES_ERROR;
				CLANG_WARN_DOCUMENTATION_COMMENTS = YES;
				CLANG_WARN_EMPTY_BODY = YES;
				CLANG_WARN_ENUM_CONVERSION = YES;
				CLANG_WARN_INFINITE_RECURSION = YES;
				CLANG_WARN_INT_CONVERSION = YES;
				CLANG_WARN_NON_LITERAL_NULL_CONVERSION = YES;
				CLANG_WARN_OBJC_IMPLICIT_RETAIN_SELF = YES;
				CLANG_WARN_OBJC_LITERAL_CONVERSION = YES;
				CLANG_WARN_OBJC_ROOT_CLASS = YES_ERROR;
				CLANG_WARN_QUOTED_INCLUDE_IN_FRAMEWORK_HEADER = YES;
				CLANG_WARN_RANGE_LOOP_ANALYSIS = YES;
				CLANG_WARN_STRICT_PROTOTYPES = YES;
				CLANG_WARN_SUSPICIOUS_MOVE = YES;
				CLANG_WARN_UNGUARDED_AVAILABILITY = YES_AGGRESSIVE;
				CLANG_WARN_UNREACHABLE_CODE = YES;
				CLANG_WARN__DUPLICATE_METHOD_MATCH = YES;
				COPY_PHASE_STRIP = NO;
				DEBUG_INFORMATION_FORMAT = dwarf;
				ENABLE_STRICT_OBJC_MSGSEND = YES;
				ENABLE_TESTABILITY = YES;
				GCC_C_LANGUAGE_STANDARD = gnu11;
				GCC_DYNAMIC_NO_PIC = NO;
				GCC_NO_COMMON_BLOCKS = YES;
				GCC_OPTIMIZATION_LEVEL = 0;
				GCC_PREPROCESSOR_DEFINITIONS = (
					"DEBUG=1",
					"$(inherited)",
				);
				GCC_WARN_64_TO_32_BIT_CONVERSION = YES;
				GCC_WARN_ABOUT_RETURN_TYPE = YES_ERROR;
				GCC_WARN_UNDECLARED_SELECTOR = YES;
				GCC_WARN_UNINITIALIZED_AUTOS = YES_AGGRESSIVE;
				GCC_WARN_UNUSED_FUNCTION = YES;
				GCC_WARN_UNUSED_VARIABLE = YES;
				IPHONEOS_DEPLOYMENT_TARGET = 14.5;
				MTL_ENABLE_DEBUG_INFO = INCLUDE_SOURCE;
				MTL_FAST_MATH = YES;
				ONLY_ACTIVE_ARCH = YES;
				SDKROOT = iphoneos;
				SWIFT_ACTIVE_COMPILATION_CONDITIONS = DEBUG;
				SWIFT_OPTIMIZATION_LEVEL = "-Onone";
			};
			name = Debug;
		};
		10241A0526434A1300DCFD6F /* Release */ = {
			isa = XCBuildConfiguration;
			buildSettings = {
				ALWAYS_SEARCH_USER_PATHS = NO;
				CLANG_ANALYZER_NONNULL = YES;
				CLANG_ANALYZER_NUMBER_OBJECT_CONVERSION = YES_AGGRESSIVE;
				CLANG_CXX_LANGUAGE_STANDARD = "gnu++14";
				CLANG_CXX_LIBRARY = "libc++";
				CLANG_ENABLE_MODULES = YES;
				CLANG_ENABLE_OBJC_ARC = YES;
				CLANG_ENABLE_OBJC_WEAK = YES;
				CLANG_WARN_BLOCK_CAPTURE_AUTORELEASING = YES;
				CLANG_WARN_BOOL_CONVERSION = YES;
				CLANG_WARN_COMMA = YES;
				CLANG_WARN_CONSTANT_CONVERSION = YES;
				CLANG_WARN_DEPRECATED_OBJC_IMPLEMENTATIONS = YES;
				CLANG_WARN_DIRECT_OBJC_ISA_USAGE = YES_ERROR;
				CLANG_WARN_DOCUMENTATION_COMMENTS = YES;
				CLANG_WARN_EMPTY_BODY = YES;
				CLANG_WARN_ENUM_CONVERSION = YES;
				CLANG_WARN_INFINITE_RECURSION = YES;
				CLANG_WARN_INT_CONVERSION = YES;
				CLANG_WARN_NON_LITERAL_NULL_CONVERSION = YES;
				CLANG_WARN_OBJC_IMPLICIT_RETAIN_SELF = YES;
				CLANG_WARN_OBJC_LITERAL_CONVERSION = YES;
				CLANG_WARN_OBJC_ROOT_CLASS = YES_ERROR;
				CLANG_WARN_QUOTED_INCLUDE_IN_FRAMEWORK_HEADER = YES;
				CLANG_WARN_RANGE_LOOP_ANALYSIS = YES;
				CLANG_WARN_STRICT_PROTOTYPES = YES;
				CLANG_WARN_SUSPICIOUS_MOVE = YES;
				CLANG_WARN_UNGUARDED_AVAILABILITY = YES_AGGRESSIVE;
				CLANG_WARN_UNREACHABLE_CODE = YES;
				CLANG_WARN__DUPLICATE_METHOD_MATCH = YES;
				COPY_PHASE_STRIP = NO;
				DEBUG_INFORMATION_FORMAT = "dwarf-with-dsym";
				ENABLE_NS_ASSERTIONS = NO;
				ENABLE_STRICT_OBJC_MSGSEND = YES;
				GCC_C_LANGUAGE_STANDARD = gnu11;
				GCC_NO_COMMON_BLOCKS = YES;
				GCC_WARN_64_TO_32_BIT_CONVERSION = YES;
				GCC_WARN_ABOUT_RETURN_TYPE = YES_ERROR;
				GCC_WARN_UNDECLARED_SELECTOR = YES;
				GCC_WARN_UNINITIALIZED_AUTOS = YES_AGGRESSIVE;
				GCC_WARN_UNUSED_FUNCTION = YES;
				GCC_WARN_UNUSED_VARIABLE = YES;
				IPHONEOS_DEPLOYMENT_TARGET = 14.5;
				MTL_ENABLE_DEBUG_INFO = NO;
				MTL_FAST_MATH = YES;
				SDKROOT = iphoneos;
				SWIFT_COMPILATION_MODE = wholemodule;
				SWIFT_OPTIMIZATION_LEVEL = "-O";
				VALIDATE_PRODUCT = YES;
			};
			name = Release;
		};
		10241A0726434A1300DCFD6F /* Debug */ = {
			isa = XCBuildConfiguration;
			buildSettings = {
				ASSETCATALOG_COMPILER_APPICON_NAME = AppIcon;
				ASSETCATALOG_COMPILER_GLOBAL_ACCENT_COLOR_NAME = AccentColor;
				CODE_SIGN_STYLE = Automatic;
				DEVELOPMENT_TEAM = 827AKX2FXT;
				INFOPLIST_FILE = ArKitProjects/Info.plist;
				IPHONEOS_DEPLOYMENT_TARGET = 13.0;
				LD_RUNPATH_SEARCH_PATHS = (
					"$(inherited)",
					"@executable_path/Frameworks",
				);
				PRODUCT_BUNDLE_IDENTIFIER = com.erencelik.ArKitProjects;
				PRODUCT_NAME = "$(TARGET_NAME)";
				SWIFT_VERSION = 5.0;
				TARGETED_DEVICE_FAMILY = 1;
			};
			name = Debug;
		};
		10241A0826434A1300DCFD6F /* Release */ = {
			isa = XCBuildConfiguration;
			buildSettings = {
				ASSETCATALOG_COMPILER_APPICON_NAME = AppIcon;
				ASSETCATALOG_COMPILER_GLOBAL_ACCENT_COLOR_NAME = AccentColor;
				CODE_SIGN_STYLE = Automatic;
				DEVELOPMENT_TEAM = 827AKX2FXT;
				INFOPLIST_FILE = ArKitProjects/Info.plist;
				IPHONEOS_DEPLOYMENT_TARGET = 13.0;
				LD_RUNPATH_SEARCH_PATHS = (
					"$(inherited)",
					"@executable_path/Frameworks",
				);
				PRODUCT_BUNDLE_IDENTIFIER = com.erencelik.ArKitProjects;
				PRODUCT_NAME = "$(TARGET_NAME)";
				SWIFT_VERSION = 5.0;
				TARGETED_DEVICE_FAMILY = 1;
			};
			name = Release;
		};
/* End XCBuildConfiguration section */

/* Begin XCConfigurationList section */
		102419ED26434A0C00DCFD6F /* Build configuration list for PBXProject "ArKitProjects" */ = {
			isa = XCConfigurationList;
			buildConfigurations = (
				10241A0426434A1300DCFD6F /* Debug */,
				10241A0526434A1300DCFD6F /* Release */,
			);
			defaultConfigurationIsVisible = 0;
			defaultConfigurationName = Release;
		};
		10241A0626434A1300DCFD6F /* Build configuration list for PBXNativeTarget "ArKitProjects" */ = {
			isa = XCConfigurationList;
			buildConfigurations = (
				10241A0726434A1300DCFD6F /* Debug */,
				10241A0826434A1300DCFD6F /* Release */,
			);
			defaultConfigurationIsVisible = 0;
			defaultConfigurationName = Release;
		};
/* End XCConfigurationList section */
	};
	rootObject = 102419EA26434A0C00DCFD6F /* Project object */;
}
